{
  "name": "@cyclonedx/cyclonedx-library",
  "version": "0.0.1-alpha",
  "lockfileVersion": 2,
  "requires": true,
  "packages": {
    "": {
      "name": "@cyclonedx/cyclonedx-library",
      "version": "0.0.1-alpha",
      "dependencies": {
        "packageurl-js": "^0.0.5"
      },
      "devDependencies": {
        "typescript": "^4.6"
      }
    },
    "node_modules/packageurl-js": {
      "version": "0.0.5",
      "resolved": "https://registry.npmjs.org/packageurl-js/-/packageurl-js-0.0.5.tgz",
      "integrity": "sha512-BISQVKLiu7EsWF5Qhx8OvX6K5vOfFcYuQBggFfrF2dHu+/Z2snuabilb0EyLvHZH0XXqbEz20pqFRonTt8z6QA=="
    },
    "node_modules/typescript": {
      "version": "4.6.3",
      "resolved": "https://registry.npmjs.org/typescript/-/typescript-4.6.3.tgz",
      "integrity": "sha512-yNIatDa5iaofVozS/uQJEl3JRWLKKGJKh6Yaiv0GLGSuhpFJe7P3SbHZ8/yjAHRQwKRoA6YZqlfjXWmVzoVSMw==",
      "dev": true,
      "bin": {
        "tsc": "bin/tsc",
        "tsserver": "bin/tsserver"
      },
      "engines": {
        "node": ">=4.2.0"
      }
    }
  },
  "dependencies": {
    "packageurl-js": {
      "version": "0.0.5",
      "resolved": "https://registry.npmjs.org/packageurl-js/-/packageurl-js-0.0.5.tgz",
      "integrity": "sha512-BISQVKLiu7EsWF5Qhx8OvX6K5vOfFcYuQBggFfrF2dHu+/Z2snuabilb0EyLvHZH0XXqbEz20pqFRonTt8z6QA=="
    },
    "typescript": {
      "version": "4.6.3",
      "resolved": "https://registry.npmjs.org/typescript/-/typescript-4.6.3.tgz",
      "integrity": "sha512-yNIatDa5iaofVozS/uQJEl3JRWLKKGJKh6Yaiv0GLGSuhpFJe7P3SbHZ8/yjAHRQwKRoA6YZqlfjXWmVzoVSMw==",
      "dev": true
    }
  }
}
