{
  "name": "cyclonedx-javascript-library",
  "lockfileVersion": 2,
  "requires": true,
  "packages": {
    "": {
      "dependencies": {
        "packageurl-js": "^0.0.5"
      },
      "devDependencies": {
        "typescript": "^4.5.5"
      }
    },
    "node_modules/packageurl-js": {
      "version": "0.0.5",
      "resolved": "https://registry.npmjs.org/packageurl-js/-/packageurl-js-0.0.5.tgz",
      "integrity": "sha512-BISQVKLiu7EsWF5Qhx8OvX6K5vOfFcYuQBggFfrF2dHu+/Z2snuabilb0EyLvHZH0XXqbEz20pqFRonTt8z6QA=="
    },
    "node_modules/typescript": {
      "version": "4.5.5",
      "resolved": "https://registry.npmjs.org/typescript/-/typescript-4.5.5.tgz",
      "integrity": "sha512-TCTIul70LyWe6IJWT8QSYeA54WQe8EjQFU4wY52Fasj5UKx88LNYKCgBEHcOMOrFF1rKGbD8v/xcNWVUq9SymA==",
      "dev": true,
      "bin": {
        "tsc": "bin/tsc",
        "tsserver": "bin/tsserver"
      },
      "engines": {
        "node": ">=4.2.0"
      }
    }
  },
  "dependencies": {
    "packageurl-js": {
      "version": "0.0.5",
      "resolved": "https://registry.npmjs.org/packageurl-js/-/packageurl-js-0.0.5.tgz",
      "integrity": "sha512-BISQVKLiu7EsWF5Qhx8OvX6K5vOfFcYuQBggFfrF2dHu+/Z2snuabilb0EyLvHZH0XXqbEz20pqFRonTt8z6QA=="
    },
    "typescript": {
      "version": "4.5.5",
      "resolved": "https://registry.npmjs.org/typescript/-/typescript-4.5.5.tgz",
      "integrity": "sha512-TCTIul70LyWe6IJWT8QSYeA54WQe8EjQFU4wY52Fasj5UKx88LNYKCgBEHcOMOrFF1rKGbD8v/xcNWVUq9SymA==",
      "dev": true
    }
  }
}
